
Microsoft Visual Studio Solution File, Format Version 12.00
# Visual Studio Version 16
VisualStudioVersion = 16.0.30717.126
MinimumVisualStudioVersion = 10.0.40219.1
Project("{FAE04EC0-301F-11D3-BF4B-00C04F79EFBC}") = "DenemeCoreAPI", "DenemeCoreAPI.csproj", "{92CB3851-3C2A-43BD-9D35-0239E8145D34}"
EndProject
Global
	GlobalSection(SolutionConfigurationPlatforms) = preSolution
		Debug|Any CPU = Debug|Any CPU
		Release|Any CPU = Release|Any CPU
	EndGlobalSection
	GlobalSection(ProjectConfigurationPlatforms) = postSolution
		{92CB3851-3C2A-43BD-9D35-0239E8145D34}.Debug|Any CPU.ActiveCfg = Debug|Any CPU
		{92CB3851-3C2A-43BD-9D35-0239E8145D34}.Debug|Any CPU.Build.0 = Debug|Any CPU
		{92CB3851-3C2A-43BD-9D35-0239E8145D34}.Release|Any CPU.ActiveCfg = Release|Any CPU
		{92CB3851-3C2A-43BD-9D35-0239E8145D34}.Release|Any CPU.Build.0 = Release|Any CPU
	EndGlobalSection
	GlobalSection(SolutionProperties) = preSolution
		HideSolutionNode = FALSE
	EndGlobalSection
	GlobalSection(ExtensibilityGlobals) = postSolution
		SolutionGuid = {AF2CBE03-9E66-477C-82DE-537AF0DC6D27}
	EndGlobalSection
EndGlobal
